
Microsoft Visual Studio Solution File, Format Version 12.00
# Visual Studio Version 16
VisualStudioVersion = 16.0.30907.101
MinimumVisualStudioVersion = 10.0.40219.1
Project("{9A19103F-16F7-4668-BE54-9A1E7A4F7556}") = "Homework 6", "Final Extra Practice\Homework 6.csproj", "{39B5B843-5BFD-47D8-BF79-DA6F2F42111A}"
EndProject
Project("{9A19103F-16F7-4668-BE54-9A1E7A4F7556}") = "(P) Methods - Speak", "(P) Methods - Speak\(P) Methods - Speak.csproj", "{9DA40DE4-1543-4726-BFB2-6EC399464700}"
EndProject
Project("{9A19103F-16F7-4668-BE54-9A1E7A4F7556}") = "Classes - Cereal", "Classes - Cereal\Classes - Cereal.csproj", "{382E2D26-E1B4-4F38-BF17-250C9FD19391}"
EndProject
Project("{9A19103F-16F7-4668-BE54-9A1E7A4F7556}") = "Homework 7", "Homework 7\Homework 7.csproj", "{2EBA90CE-C7C4-40A3-8C6A-86D3E91CBF66}"
EndProject
Project("{9A19103F-16F7-4668-BE54-9A1E7A4F7556}") = "Homework 8", "Homework 8\Homework 8.csproj", "{3132704D-E951-4A12-8FF8-391969D1B23E}"
EndProject
Project("{9A19103F-16F7-4668-BE54-9A1E7A4F7556}") = "xSpeak", "Speak\xSpeak.csproj", "{004CB264-0BF5-47DE-B5C0-E39553CD9E55}"
EndProject
Project("{9A19103F-16F7-4668-BE54-9A1E7A4F7556}") = "xCereal 2", "Cereal 2\xCereal 2.csproj", "{968FDBDA-97A5-449B-A84F-E3EE069D6D69}"
EndProject
Project("{9A19103F-16F7-4668-BE54-9A1E7A4F7556}") = "xHomework 6", "xHomework 6\xHomework 6.csproj", "{F13E3729-3510-4994-BD9B-BCC79D255FF6}"
EndProject
Project("{9A19103F-16F7-4668-BE54-9A1E7A4F7556}") = "xHomework 7", "xHomework 7\xHomework 7.csproj", "{DF43A97F-1B6D-4D1C-8EEC-9B23F3883ABB}"
EndProject
Project("{9A19103F-16F7-4668-BE54-9A1E7A4F7556}") = "ySpeak", "ySpeak\ySpeak.csproj", "{570DF897-4D78-49CF-BD02-A3A0B8B81DCF}"
EndProject
Project("{9A19103F-16F7-4668-BE54-9A1E7A4F7556}") = "yCereal", "yCereal\yCereal.csproj", "{22BD521D-3153-4B85-A28A-E4C7670CF25B}"
EndProject
Project("{9A19103F-16F7-4668-BE54-9A1E7A4F7556}") = "yHomework6", "yHomework6\yHomework6.csproj", "{14084FBA-2E9A-4ADD-ABB2-A0BC8C8F36F3}"
EndProject
Project("{9A19103F-16F7-4668-BE54-9A1E7A4F7556}") = "yHomework 7", "yHomework 7\yHomework 7.csproj", "{48A51051-FF58-4672-8B5D-D4F74C501963}"
EndProject
Project("{FAE04EC0-301F-11D3-BF4B-00C04F79EFBC}") = "zSpeak", "zSpeak\zSpeak.csproj", "{60DF2A82-E20E-45F1-85A7-09CF9ED07B59}"
EndProject
Project("{FAE04EC0-301F-11D3-BF4B-00C04F79EFBC}") = "zHomework6", "zHomework6\zHomework6.csproj", "{BEDD1AE1-7B2C-428F-A3D7-6B9E5F3F4F8E}"
EndProject
Global
	GlobalSection(SolutionConfigurationPlatforms) = preSolution
		Debug|Any CPU = Debug|Any CPU
		Release|Any CPU = Release|Any CPU
	EndGlobalSection
	GlobalSection(ProjectConfigurationPlatforms) = postSolution
		{39B5B843-5BFD-47D8-BF79-DA6F2F42111A}.Debug|Any CPU.ActiveCfg = Debug|Any CPU
		{39B5B843-5BFD-47D8-BF79-DA6F2F42111A}.Debug|Any CPU.Build.0 = Debug|Any CPU
		{39B5B843-5BFD-47D8-BF79-DA6F2F42111A}.Release|Any CPU.ActiveCfg = Release|Any CPU
		{39B5B843-5BFD-47D8-BF79-DA6F2F42111A}.Release|Any CPU.Build.0 = Release|Any CPU
		{9DA40DE4-1543-4726-BFB2-6EC399464700}.Debug|Any CPU.ActiveCfg = Debug|Any CPU
		{9DA40DE4-1543-4726-BFB2-6EC399464700}.Debug|Any CPU.Build.0 = Debug|Any CPU
		{9DA40DE4-1543-4726-BFB2-6EC399464700}.Release|Any CPU.ActiveCfg = Release|Any CPU
		{9DA40DE4-1543-4726-BFB2-6EC399464700}.Release|Any CPU.Build.0 = Release|Any CPU
		{382E2D26-E1B4-4F38-BF17-250C9FD19391}.Debug|Any CPU.ActiveCfg = Debug|Any CPU
		{382E2D26-E1B4-4F38-BF17-250C9FD19391}.Debug|Any CPU.Build.0 = Debug|Any CPU
		{382E2D26-E1B4-4F38-BF17-250C9FD19391}.Release|Any CPU.ActiveCfg = Release|Any CPU
		{382E2D26-E1B4-4F38-BF17-250C9FD19391}.Release|Any CPU.Build.0 = Release|Any CPU
		{2EBA90CE-C7C4-40A3-8C6A-86D3E91CBF66}.Debug|Any CPU.ActiveCfg = Debug|Any CPU
		{2EBA90CE-C7C4-40A3-8C6A-86D3E91CBF66}.Debug|Any CPU.Build.0 = Debug|Any CPU
		{2EBA90CE-C7C4-40A3-8C6A-86D3E91CBF66}.Release|Any CPU.ActiveCfg = Release|Any CPU
		{2EBA90CE-C7C4-40A3-8C6A-86D3E91CBF66}.Release|Any CPU.Build.0 = Release|Any CPU
		{3132704D-E951-4A12-8FF8-391969D1B23E}.Debug|Any CPU.ActiveCfg = Debug|Any CPU
		{3132704D-E951-4A12-8FF8-391969D1B23E}.Debug|Any CPU.Build.0 = Debug|Any CPU
		{3132704D-E951-4A12-8FF8-391969D1B23E}.Release|Any CPU.ActiveCfg = Release|Any CPU
		{3132704D-E951-4A12-8FF8-391969D1B23E}.Release|Any CPU.Build.0 = Release|Any CPU
		{004CB264-0BF5-47DE-B5C0-E39553CD9E55}.Debug|Any CPU.ActiveCfg = Debug|Any CPU
		{004CB264-0BF5-47DE-B5C0-E39553CD9E55}.Debug|Any CPU.Build.0 = Debug|Any CPU
		{004CB264-0BF5-47DE-B5C0-E39553CD9E55}.Release|Any CPU.ActiveCfg = Release|Any CPU
		{004CB264-0BF5-47DE-B5C0-E39553CD9E55}.Release|Any CPU.Build.0 = Release|Any CPU
		{968FDBDA-97A5-449B-A84F-E3EE069D6D69}.Debug|Any CPU.ActiveCfg = Debug|Any CPU
		{968FDBDA-97A5-449B-A84F-E3EE069D6D69}.Debug|Any CPU.Build.0 = Debug|Any CPU
		{968FDBDA-97A5-449B-A84F-E3EE069D6D69}.Release|Any CPU.ActiveCfg = Release|Any CPU
		{968FDBDA-97A5-449B-A84F-E3EE069D6D69}.Release|Any CPU.Build.0 = Release|Any CPU
		{F13E3729-3510-4994-BD9B-BCC79D255FF6}.Debug|Any CPU.ActiveCfg = Debug|Any CPU
		{F13E3729-3510-4994-BD9B-BCC79D255FF6}.Debug|Any CPU.Build.0 = Debug|Any CPU
		{F13E3729-3510-4994-BD9B-BCC79D255FF6}.Release|Any CPU.ActiveCfg = Release|Any CPU
		{F13E3729-3510-4994-BD9B-BCC79D255FF6}.Release|Any CPU.Build.0 = Release|Any CPU
		{DF43A97F-1B6D-4D1C-8EEC-9B23F3883ABB}.Debug|Any CPU.ActiveCfg = Debug|Any CPU
		{DF43A97F-1B6D-4D1C-8EEC-9B23F3883ABB}.Debug|Any CPU.Build.0 = Debug|Any CPU
		{DF43A97F-1B6D-4D1C-8EEC-9B23F3883ABB}.Release|Any CPU.ActiveCfg = Release|Any CPU
		{DF43A97F-1B6D-4D1C-8EEC-9B23F3883ABB}.Release|Any CPU.Build.0 = Release|Any CPU
		{570DF897-4D78-49CF-BD02-A3A0B8B81DCF}.Debug|Any CPU.ActiveCfg = Debug|Any CPU
		{570DF897-4D78-49CF-BD02-A3A0B8B81DCF}.Debug|Any CPU.Build.0 = Debug|Any CPU
		{570DF897-4D78-49CF-BD02-A3A0B8B81DCF}.Release|Any CPU.ActiveCfg = Release|Any CPU
		{570DF897-4D78-49CF-BD02-A3A0B8B81DCF}.Release|Any CPU.Build.0 = Release|Any CPU
		{22BD521D-3153-4B85-A28A-E4C7670CF25B}.Debug|Any CPU.ActiveCfg = Debug|Any CPU
		{22BD521D-3153-4B85-A28A-E4C7670CF25B}.Debug|Any CPU.Build.0 = Debug|Any CPU
		{22BD521D-3153-4B85-A28A-E4C7670CF25B}.Release|Any CPU.ActiveCfg = Release|Any CPU
		{22BD521D-3153-4B85-A28A-E4C7670CF25B}.Release|Any CPU.Build.0 = Release|Any CPU
		{14084FBA-2E9A-4ADD-ABB2-A0BC8C8F36F3}.Debug|Any CPU.ActiveCfg = Debug|Any CPU
		{14084FBA-2E9A-4ADD-ABB2-A0BC8C8F36F3}.Debug|Any CPU.Build.0 = Debug|Any CPU
		{14084FBA-2E9A-4ADD-ABB2-A0BC8C8F36F3}.Release|Any CPU.ActiveCfg = Release|Any CPU
		{14084FBA-2E9A-4ADD-ABB2-A0BC8C8F36F3}.Release|Any CPU.Build.0 = Release|Any CPU
		{48A51051-FF58-4672-8B5D-D4F74C501963}.Debug|Any CPU.ActiveCfg = Debug|Any CPU
		{48A51051-FF58-4672-8B5D-D4F74C501963}.Debug|Any CPU.Build.0 = Debug|Any CPU
		{48A51051-FF58-4672-8B5D-D4F74C501963}.Release|Any CPU.ActiveCfg = Release|Any CPU
		{48A51051-FF58-4672-8B5D-D4F74C501963}.Release|Any CPU.Build.0 = Release|Any CPU
		{60DF2A82-E20E-45F1-85A7-09CF9ED07B59}.Debug|Any CPU.ActiveCfg = Debug|Any CPU
		{60DF2A82-E20E-45F1-85A7-09CF9ED07B59}.Debug|Any CPU.Build.0 = Debug|Any CPU
		{60DF2A82-E20E-45F1-85A7-09CF9ED07B59}.Release|Any CPU.ActiveCfg = Release|Any CPU
		{60DF2A82-E20E-45F1-85A7-09CF9ED07B59}.Release|Any CPU.Build.0 = Release|Any CPU
		{BEDD1AE1-7B2C-428F-A3D7-6B9E5F3F4F8E}.Debug|Any CPU.ActiveCfg = Debug|Any CPU
		{BEDD1AE1-7B2C-428F-A3D7-6B9E5F3F4F8E}.Debug|Any CPU.Build.0 = Debug|Any CPU
		{BEDD1AE1-7B2C-428F-A3D7-6B9E5F3F4F8E}.Release|Any CPU.ActiveCfg = Release|Any CPU
		{BEDD1AE1-7B2C-428F-A3D7-6B9E5F3F4F8E}.Release|Any CPU.Build.0 = Release|Any CPU
	EndGlobalSection
	GlobalSection(SolutionProperties) = preSolution
		HideSolutionNode = FALSE
	EndGlobalSection
	GlobalSection(ExtensibilityGlobals) = postSolution
		SolutionGuid = {AAD16891-B6F4-4F0E-AA99-E16CE5FFF9E0}
	EndGlobalSection
EndGlobal
