
Microsoft Visual Studio Solution File, Format Version 12.00
# Visual Studio Version 16
VisualStudioVersion = 16.0.30907.101
MinimumVisualStudioVersion = 10.0.40219.1
Project("{9A19103F-16F7-4668-BE54-9A1E7A4F7556}") = "In Class - 2-8-21", "In Class - 2-8-21\In Class - 2-8-21.csproj", "{4F00DA3F-38B2-4C5B-B0A9-7480C0810402}"
EndProject
Project("{9A19103F-16F7-4668-BE54-9A1E7A4F7556}") = "In Class Fizz Buzz", "In Class Fizz Buzz\In Class Fizz Buzz.csproj", "{EFEC7D71-BBE1-4A37-AFCE-03EE2C0CB7DE}"
EndProject
Project("{9A19103F-16F7-4668-BE54-9A1E7A4F7556}") = "2-22-2021", "2-22-2021\2-22-2021.csproj", "{4AAE0715-DF71-496B-95B0-73B04AAC6669}"
EndProject
Project("{9A19103F-16F7-4668-BE54-9A1E7A4F7556}") = "02-24-2021", "02-24-2021\02-24-2021.csproj", "{E9BEE363-1BB1-4D14-B56C-036ABEAD3652}"
EndProject
Project("{9A19103F-16F7-4668-BE54-9A1E7A4F7556}") = "File_Sample-2-24-21", "File_Sample-2-24-21\File_Sample-2-24-21.csproj", "{8A34324E-2D79-4BFD-AE37-D4E356B0A303}"
EndProject
Project("{FAE04EC0-301F-11D3-BF4B-00C04F79EFBC}") = "String Manipulation", "String Manipulation\String Manipulation.csproj", "{B67C24B8-D6A3-4C6D-8C28-45A588B04510}"
EndProject
Global
	GlobalSection(SolutionConfigurationPlatforms) = preSolution
		Debug|Any CPU = Debug|Any CPU
		Release|Any CPU = Release|Any CPU
	EndGlobalSection
	GlobalSection(ProjectConfigurationPlatforms) = postSolution
		{4F00DA3F-38B2-4C5B-B0A9-7480C0810402}.Debug|Any CPU.ActiveCfg = Debug|Any CPU
		{4F00DA3F-38B2-4C5B-B0A9-7480C0810402}.Debug|Any CPU.Build.0 = Debug|Any CPU
		{4F00DA3F-38B2-4C5B-B0A9-7480C0810402}.Release|Any CPU.ActiveCfg = Release|Any CPU
		{4F00DA3F-38B2-4C5B-B0A9-7480C0810402}.Release|Any CPU.Build.0 = Release|Any CPU
		{EFEC7D71-BBE1-4A37-AFCE-03EE2C0CB7DE}.Debug|Any CPU.ActiveCfg = Debug|Any CPU
		{EFEC7D71-BBE1-4A37-AFCE-03EE2C0CB7DE}.Debug|Any CPU.Build.0 = Debug|Any CPU
		{EFEC7D71-BBE1-4A37-AFCE-03EE2C0CB7DE}.Release|Any CPU.ActiveCfg = Release|Any CPU
		{EFEC7D71-BBE1-4A37-AFCE-03EE2C0CB7DE}.Release|Any CPU.Build.0 = Release|Any CPU
		{4AAE0715-DF71-496B-95B0-73B04AAC6669}.Debug|Any CPU.ActiveCfg = Debug|Any CPU
		{4AAE0715-DF71-496B-95B0-73B04AAC6669}.Debug|Any CPU.Build.0 = Debug|Any CPU
		{4AAE0715-DF71-496B-95B0-73B04AAC6669}.Release|Any CPU.ActiveCfg = Release|Any CPU
		{4AAE0715-DF71-496B-95B0-73B04AAC6669}.Release|Any CPU.Build.0 = Release|Any CPU
		{E9BEE363-1BB1-4D14-B56C-036ABEAD3652}.Debug|Any CPU.ActiveCfg = Debug|Any CPU
		{E9BEE363-1BB1-4D14-B56C-036ABEAD3652}.Debug|Any CPU.Build.0 = Debug|Any CPU
		{E9BEE363-1BB1-4D14-B56C-036ABEAD3652}.Release|Any CPU.ActiveCfg = Release|Any CPU
		{E9BEE363-1BB1-4D14-B56C-036ABEAD3652}.Release|Any CPU.Build.0 = Release|Any CPU
		{8A34324E-2D79-4BFD-AE37-D4E356B0A303}.Debug|Any CPU.ActiveCfg = Debug|Any CPU
		{8A34324E-2D79-4BFD-AE37-D4E356B0A303}.Debug|Any CPU.Build.0 = Debug|Any CPU
		{8A34324E-2D79-4BFD-AE37-D4E356B0A303}.Release|Any CPU.ActiveCfg = Release|Any CPU
		{8A34324E-2D79-4BFD-AE37-D4E356B0A303}.Release|Any CPU.Build.0 = Release|Any CPU
		{B67C24B8-D6A3-4C6D-8C28-45A588B04510}.Debug|Any CPU.ActiveCfg = Debug|Any CPU
		{B67C24B8-D6A3-4C6D-8C28-45A588B04510}.Debug|Any CPU.Build.0 = Debug|Any CPU
		{B67C24B8-D6A3-4C6D-8C28-45A588B04510}.Release|Any CPU.ActiveCfg = Release|Any CPU
		{B67C24B8-D6A3-4C6D-8C28-45A588B04510}.Release|Any CPU.Build.0 = Release|Any CPU
	EndGlobalSection
	GlobalSection(SolutionProperties) = preSolution
		HideSolutionNode = FALSE
	EndGlobalSection
	GlobalSection(ExtensibilityGlobals) = postSolution
		SolutionGuid = {8712B189-84CA-4C0C-BBB7-4E7DB2BD8F61}
	EndGlobalSection
EndGlobal
