
Microsoft Visual Studio Solution File, Format Version 12.00
# Visual Studio Version 16
VisualStudioVersion = 16.0.30907.101
MinimumVisualStudioVersion = 10.0.40219.1
Project("{9A19103F-16F7-4668-BE54-9A1E7A4F7556}") = "Participations", "Participations\Participations.csproj", "{B0482C8A-C8B6-4AFA-80E4-8E42408E5728}"
EndProject
Project("{9A19103F-16F7-4668-BE54-9A1E7A4F7556}") = "Participation 2 - Conditional - Coin Toss", "Participation 2 - Conditional - Coin Toss\Participation 2 - Conditional - Coin Toss.csproj", "{567E7C74-1962-4396-B3A5-AB1B7C257D7F}"
EndProject
Project("{FAE04EC0-301F-11D3-BF4B-00C04F79EFBC}") = "RandomGuess", "Loops - Guess a number\RandomGuess.csproj", "{8AEC369C-4A8F-45CB-A302-0B6A242A67D2}"
EndProject
Global
	GlobalSection(SolutionConfigurationPlatforms) = preSolution
		Debug|Any CPU = Debug|Any CPU
		Release|Any CPU = Release|Any CPU
	EndGlobalSection
	GlobalSection(ProjectConfigurationPlatforms) = postSolution
		{B0482C8A-C8B6-4AFA-80E4-8E42408E5728}.Debug|Any CPU.ActiveCfg = Debug|Any CPU
		{B0482C8A-C8B6-4AFA-80E4-8E42408E5728}.Debug|Any CPU.Build.0 = Debug|Any CPU
		{B0482C8A-C8B6-4AFA-80E4-8E42408E5728}.Release|Any CPU.ActiveCfg = Release|Any CPU
		{B0482C8A-C8B6-4AFA-80E4-8E42408E5728}.Release|Any CPU.Build.0 = Release|Any CPU
		{567E7C74-1962-4396-B3A5-AB1B7C257D7F}.Debug|Any CPU.ActiveCfg = Debug|Any CPU
		{567E7C74-1962-4396-B3A5-AB1B7C257D7F}.Debug|Any CPU.Build.0 = Debug|Any CPU
		{567E7C74-1962-4396-B3A5-AB1B7C257D7F}.Release|Any CPU.ActiveCfg = Release|Any CPU
		{567E7C74-1962-4396-B3A5-AB1B7C257D7F}.Release|Any CPU.Build.0 = Release|Any CPU
		{8AEC369C-4A8F-45CB-A302-0B6A242A67D2}.Debug|Any CPU.ActiveCfg = Debug|Any CPU
		{8AEC369C-4A8F-45CB-A302-0B6A242A67D2}.Debug|Any CPU.Build.0 = Debug|Any CPU
		{8AEC369C-4A8F-45CB-A302-0B6A242A67D2}.Release|Any CPU.ActiveCfg = Release|Any CPU
		{8AEC369C-4A8F-45CB-A302-0B6A242A67D2}.Release|Any CPU.Build.0 = Release|Any CPU
	EndGlobalSection
	GlobalSection(SolutionProperties) = preSolution
		HideSolutionNode = FALSE
	EndGlobalSection
	GlobalSection(ExtensibilityGlobals) = postSolution
		SolutionGuid = {3F64F340-6F29-4A56-BEDB-A62AD5609322}
	EndGlobalSection
EndGlobal
