
Microsoft Visual Studio Solution File, Format Version 12.00
# Visual Studio Version 16
VisualStudioVersion = 16.0.30907.101
MinimumVisualStudioVersion = 10.0.40219.1
Project("{9A19103F-16F7-4668-BE54-9A1E7A4F7556}") = "Participations", "Participations\Participations.csproj", "{B0482C8A-C8B6-4AFA-80E4-8E42408E5728}"
EndProject
Project("{9A19103F-16F7-4668-BE54-9A1E7A4F7556}") = "Participation 2 - Conditional - Coin Toss", "Participation 2 - Conditional - Coin Toss\Participation 2 - Conditional - Coin Toss.csproj", "{567E7C74-1962-4396-B3A5-AB1B7C257D7F}"
EndProject
Project("{9A19103F-16F7-4668-BE54-9A1E7A4F7556}") = "RandomGuess", "Loops - Guess a number\RandomGuess.csproj", "{8AEC369C-4A8F-45CB-A302-0B6A242A67D2}"
EndProject
Project("{9A19103F-16F7-4668-BE54-9A1E7A4F7556}") = "(P) String Manipulation", "(P) String Manipulation\(P) String Manipulation.csproj", "{B14C5425-7793-422D-9F7C-F58EF49B1125}"
EndProject
Project("{9A19103F-16F7-4668-BE54-9A1E7A4F7556}") = "(P) Collections Min-Max-Avg-Mode", "(P) Collections Min-Max-Avg-Mode\(P) Collections Min-Max-Avg-Mode.csproj", "{D62BECE7-088B-4BB0-AF4F-7B00C2432DAB}"
EndProject
Project("{9A19103F-16F7-4668-BE54-9A1E7A4F7556}") = "(P) All Types of Collections!", "(P) All Types of Collections!\(P) All Types of Collections!.csproj", "{7F43DB1A-54BA-469A-B921-B9929D960A3D}"
EndProject
Project("{9A19103F-16F7-4668-BE54-9A1E7A4F7556}") = "(P) CSV File", "(P) CSV File\(P) CSV File.csproj", "{0515487F-86A8-4F22-BCA3-1F42A63F12AD}"
EndProject
Project("{FAE04EC0-301F-11D3-BF4B-00C04F79EFBC}") = "(P) Functions - Calculator", "(P) Functions - Calculator\(P) Functions - Calculator.csproj", "{5C63F7D9-9D1B-413E-B2B8-E61C744E1AD9}"
EndProject
Project("{9A19103F-16F7-4668-BE54-9A1E7A4F7556}") = "(P) Simple Method (Speak)", "(P) Speak\(P) Simple Method (Speak).csproj", "{0D87DFCF-5D13-4DC2-A304-58F65111D11B}"
EndProject
Project("{9A19103F-16F7-4668-BE54-9A1E7A4F7556}") = "(P) Classes - Toy", "(P) Classes - Toy\(P) Classes - Toy.csproj", "{AA49BE13-3620-4D33-82AB-9D0B3B2DAC62}"
EndProject
Project("{9A19103F-16F7-4668-BE54-9A1E7A4F7556}") = "(P) Classes - ToyBox", "(P) Classes - ToyBox\(P) Classes - ToyBox.csproj", "{ABE2FEA6-02FE-4B55-9B64-D413FDB03DF4}"
EndProject
Project("{FAE04EC0-301F-11D3-BF4B-00C04F79EFBC}") = "(P) Classes - Cereal", "(P) Classes - Cereal\(P) Classes - Cereal.csproj", "{A590D0BD-9820-4FF0-8595-B46DFFBAAAB8}"
EndProject
Global
	GlobalSection(SolutionConfigurationPlatforms) = preSolution
		Debug|Any CPU = Debug|Any CPU
		Release|Any CPU = Release|Any CPU
	EndGlobalSection
	GlobalSection(ProjectConfigurationPlatforms) = postSolution
		{B0482C8A-C8B6-4AFA-80E4-8E42408E5728}.Debug|Any CPU.ActiveCfg = Debug|Any CPU
		{B0482C8A-C8B6-4AFA-80E4-8E42408E5728}.Debug|Any CPU.Build.0 = Debug|Any CPU
		{B0482C8A-C8B6-4AFA-80E4-8E42408E5728}.Release|Any CPU.ActiveCfg = Release|Any CPU
		{B0482C8A-C8B6-4AFA-80E4-8E42408E5728}.Release|Any CPU.Build.0 = Release|Any CPU
		{567E7C74-1962-4396-B3A5-AB1B7C257D7F}.Debug|Any CPU.ActiveCfg = Debug|Any CPU
		{567E7C74-1962-4396-B3A5-AB1B7C257D7F}.Debug|Any CPU.Build.0 = Debug|Any CPU
		{567E7C74-1962-4396-B3A5-AB1B7C257D7F}.Release|Any CPU.ActiveCfg = Release|Any CPU
		{567E7C74-1962-4396-B3A5-AB1B7C257D7F}.Release|Any CPU.Build.0 = Release|Any CPU
		{8AEC369C-4A8F-45CB-A302-0B6A242A67D2}.Debug|Any CPU.ActiveCfg = Debug|Any CPU
		{8AEC369C-4A8F-45CB-A302-0B6A242A67D2}.Debug|Any CPU.Build.0 = Debug|Any CPU
		{8AEC369C-4A8F-45CB-A302-0B6A242A67D2}.Release|Any CPU.ActiveCfg = Release|Any CPU
		{8AEC369C-4A8F-45CB-A302-0B6A242A67D2}.Release|Any CPU.Build.0 = Release|Any CPU
		{B14C5425-7793-422D-9F7C-F58EF49B1125}.Debug|Any CPU.ActiveCfg = Debug|Any CPU
		{B14C5425-7793-422D-9F7C-F58EF49B1125}.Debug|Any CPU.Build.0 = Debug|Any CPU
		{B14C5425-7793-422D-9F7C-F58EF49B1125}.Release|Any CPU.ActiveCfg = Release|Any CPU
		{B14C5425-7793-422D-9F7C-F58EF49B1125}.Release|Any CPU.Build.0 = Release|Any CPU
		{D62BECE7-088B-4BB0-AF4F-7B00C2432DAB}.Debug|Any CPU.ActiveCfg = Debug|Any CPU
		{D62BECE7-088B-4BB0-AF4F-7B00C2432DAB}.Debug|Any CPU.Build.0 = Debug|Any CPU
		{D62BECE7-088B-4BB0-AF4F-7B00C2432DAB}.Release|Any CPU.ActiveCfg = Release|Any CPU
		{D62BECE7-088B-4BB0-AF4F-7B00C2432DAB}.Release|Any CPU.Build.0 = Release|Any CPU
		{7F43DB1A-54BA-469A-B921-B9929D960A3D}.Debug|Any CPU.ActiveCfg = Debug|Any CPU
		{7F43DB1A-54BA-469A-B921-B9929D960A3D}.Debug|Any CPU.Build.0 = Debug|Any CPU
		{7F43DB1A-54BA-469A-B921-B9929D960A3D}.Release|Any CPU.ActiveCfg = Release|Any CPU
		{7F43DB1A-54BA-469A-B921-B9929D960A3D}.Release|Any CPU.Build.0 = Release|Any CPU
		{0515487F-86A8-4F22-BCA3-1F42A63F12AD}.Debug|Any CPU.ActiveCfg = Debug|Any CPU
		{0515487F-86A8-4F22-BCA3-1F42A63F12AD}.Debug|Any CPU.Build.0 = Debug|Any CPU
		{0515487F-86A8-4F22-BCA3-1F42A63F12AD}.Release|Any CPU.ActiveCfg = Release|Any CPU
		{0515487F-86A8-4F22-BCA3-1F42A63F12AD}.Release|Any CPU.Build.0 = Release|Any CPU
		{5C63F7D9-9D1B-413E-B2B8-E61C744E1AD9}.Debug|Any CPU.ActiveCfg = Debug|Any CPU
		{5C63F7D9-9D1B-413E-B2B8-E61C744E1AD9}.Debug|Any CPU.Build.0 = Debug|Any CPU
		{5C63F7D9-9D1B-413E-B2B8-E61C744E1AD9}.Release|Any CPU.ActiveCfg = Release|Any CPU
		{5C63F7D9-9D1B-413E-B2B8-E61C744E1AD9}.Release|Any CPU.Build.0 = Release|Any CPU
		{0D87DFCF-5D13-4DC2-A304-58F65111D11B}.Debug|Any CPU.ActiveCfg = Debug|Any CPU
		{0D87DFCF-5D13-4DC2-A304-58F65111D11B}.Debug|Any CPU.Build.0 = Debug|Any CPU
		{0D87DFCF-5D13-4DC2-A304-58F65111D11B}.Release|Any CPU.ActiveCfg = Release|Any CPU
		{0D87DFCF-5D13-4DC2-A304-58F65111D11B}.Release|Any CPU.Build.0 = Release|Any CPU
		{AA49BE13-3620-4D33-82AB-9D0B3B2DAC62}.Debug|Any CPU.ActiveCfg = Debug|Any CPU
		{AA49BE13-3620-4D33-82AB-9D0B3B2DAC62}.Debug|Any CPU.Build.0 = Debug|Any CPU
		{AA49BE13-3620-4D33-82AB-9D0B3B2DAC62}.Release|Any CPU.ActiveCfg = Release|Any CPU
		{AA49BE13-3620-4D33-82AB-9D0B3B2DAC62}.Release|Any CPU.Build.0 = Release|Any CPU
		{ABE2FEA6-02FE-4B55-9B64-D413FDB03DF4}.Debug|Any CPU.ActiveCfg = Debug|Any CPU
		{ABE2FEA6-02FE-4B55-9B64-D413FDB03DF4}.Debug|Any CPU.Build.0 = Debug|Any CPU
		{ABE2FEA6-02FE-4B55-9B64-D413FDB03DF4}.Release|Any CPU.ActiveCfg = Release|Any CPU
		{ABE2FEA6-02FE-4B55-9B64-D413FDB03DF4}.Release|Any CPU.Build.0 = Release|Any CPU
		{A590D0BD-9820-4FF0-8595-B46DFFBAAAB8}.Debug|Any CPU.ActiveCfg = Debug|Any CPU
		{A590D0BD-9820-4FF0-8595-B46DFFBAAAB8}.Debug|Any CPU.Build.0 = Debug|Any CPU
		{A590D0BD-9820-4FF0-8595-B46DFFBAAAB8}.Release|Any CPU.ActiveCfg = Release|Any CPU
		{A590D0BD-9820-4FF0-8595-B46DFFBAAAB8}.Release|Any CPU.Build.0 = Release|Any CPU
	EndGlobalSection
	GlobalSection(SolutionProperties) = preSolution
		HideSolutionNode = FALSE
	EndGlobalSection
	GlobalSection(ExtensibilityGlobals) = postSolution
		SolutionGuid = {3F64F340-6F29-4A56-BEDB-A62AD5609322}
	EndGlobalSection
EndGlobal
