
Microsoft Visual Studio Solution File, Format Version 12.00
# Visual Studio Version 16
VisualStudioVersion = 16.0.30907.101
MinimumVisualStudioVersion = 10.0.40219.1
Project("{FAE04EC0-301F-11D3-BF4B-00C04F79EFBC}") = "(P1) SumOf3", "MidTerm Practice\(P1) SumOf3.csproj", "{E0AA0FD7-7706-4698-A551-4318E17586E2}"
EndProject
Project("{FAE04EC0-301F-11D3-BF4B-00C04F79EFBC}") = "(P2) Conditional - Coin Toss", "(P) Conditional - Coin Toss\(P2) Conditional - Coin Toss.csproj", "{55C0452E-9DE7-49FF-A84D-7EF42D76A414}"
EndProject
Project("{FAE04EC0-301F-11D3-BF4B-00C04F79EFBC}") = "(P3) Loops - Guess The Number", "(P) Loops - Guess The Number\(P3) Loops - Guess The Number.csproj", "{51211E95-9D39-4F84-8527-5119BB36B037}"
EndProject
Project("{FAE04EC0-301F-11D3-BF4B-00C04F79EFBC}") = "(P4) String Manipulation", "(P4) String Manipulation\(P4) String Manipulation.csproj", "{039413B4-F49C-4E00-8B46-00E2A87BD14D}"
EndProject
Global
	GlobalSection(SolutionConfigurationPlatforms) = preSolution
		Debug|Any CPU = Debug|Any CPU
		Release|Any CPU = Release|Any CPU
	EndGlobalSection
	GlobalSection(ProjectConfigurationPlatforms) = postSolution
		{E0AA0FD7-7706-4698-A551-4318E17586E2}.Debug|Any CPU.ActiveCfg = Debug|Any CPU
		{E0AA0FD7-7706-4698-A551-4318E17586E2}.Debug|Any CPU.Build.0 = Debug|Any CPU
		{E0AA0FD7-7706-4698-A551-4318E17586E2}.Release|Any CPU.ActiveCfg = Release|Any CPU
		{E0AA0FD7-7706-4698-A551-4318E17586E2}.Release|Any CPU.Build.0 = Release|Any CPU
		{55C0452E-9DE7-49FF-A84D-7EF42D76A414}.Debug|Any CPU.ActiveCfg = Debug|Any CPU
		{55C0452E-9DE7-49FF-A84D-7EF42D76A414}.Debug|Any CPU.Build.0 = Debug|Any CPU
		{55C0452E-9DE7-49FF-A84D-7EF42D76A414}.Release|Any CPU.ActiveCfg = Release|Any CPU
		{55C0452E-9DE7-49FF-A84D-7EF42D76A414}.Release|Any CPU.Build.0 = Release|Any CPU
		{51211E95-9D39-4F84-8527-5119BB36B037}.Debug|Any CPU.ActiveCfg = Debug|Any CPU
		{51211E95-9D39-4F84-8527-5119BB36B037}.Debug|Any CPU.Build.0 = Debug|Any CPU
		{51211E95-9D39-4F84-8527-5119BB36B037}.Release|Any CPU.ActiveCfg = Release|Any CPU
		{51211E95-9D39-4F84-8527-5119BB36B037}.Release|Any CPU.Build.0 = Release|Any CPU
		{039413B4-F49C-4E00-8B46-00E2A87BD14D}.Debug|Any CPU.ActiveCfg = Debug|Any CPU
		{039413B4-F49C-4E00-8B46-00E2A87BD14D}.Debug|Any CPU.Build.0 = Debug|Any CPU
		{039413B4-F49C-4E00-8B46-00E2A87BD14D}.Release|Any CPU.ActiveCfg = Release|Any CPU
		{039413B4-F49C-4E00-8B46-00E2A87BD14D}.Release|Any CPU.Build.0 = Release|Any CPU
	EndGlobalSection
	GlobalSection(SolutionProperties) = preSolution
		HideSolutionNode = FALSE
	EndGlobalSection
	GlobalSection(ExtensibilityGlobals) = postSolution
		SolutionGuid = {2AEE7DB4-5CF2-491C-A7D6-2CECACAC41B7}
	EndGlobalSection
EndGlobal
